// !$*UTF8*$!
{
	archiveVersion = 1;
	classes = {
	};
	objectVersion = 56;
	objects = {

/* Begin PBXBuildFile section */
		5421BD112C340BED00664E32 /* AppDelegate.swift in Sources */ = {isa = PBXBuildFile; fileRef = 5421BD102C340BED00664E32 /* AppDelegate.swift */; };
		5421BD132C340BED00664E32 /* SceneDelegate.swift in Sources */ = {isa = PBXBuildFile; fileRef = 5421BD122C340BED00664E32 /* SceneDelegate.swift */; };
		5421BD152C340BED00664E32 /* HomeViewController.swift in Sources */ = {isa = PBXBuildFile; fileRef = 5421BD142C340BED00664E32 /* HomeViewController.swift */; };
		5421BD1A2C340BEE00664E32 /* Assets.xcassets in Resources */ = {isa = PBXBuildFile; fileRef = 5421BD192C340BEE00664E32 /* Assets.xcassets */; };
		5421BD1D2C340BEE00664E32 /* Base in Resources */ = {isa = PBXBuildFile; fileRef = 5421BD1C2C340BEE00664E32 /* Base */; };
		5421BD252C340C7B00664E32 /* BaseViewController.swift in Sources */ = {isa = PBXBuildFile; fileRef = 5421BD242C340C7B00664E32 /* BaseViewController.swift */; };
		5421BD282C340E9F00664E32 /* SnapKit in Frameworks */ = {isa = PBXBuildFile; productRef = 5421BD272C340E9F00664E32 /* SnapKit */; };
		5421BD2B2C3412D600664E32 /* RegisterViewController.swift in Sources */ = {isa = PBXBuildFile; fileRef = 5421BD2A2C3412D600664E32 /* RegisterViewController.swift */; };
		5421BD2D2C341A8800664E32 /* UIPaddingTextField.swift in Sources */ = {isa = PBXBuildFile; fileRef = 5421BD2C2C341A8800664E32 /* UIPaddingTextField.swift */; };
		5421BD322C341FBD00664E32 /* MenuTableViewCell.swift in Sources */ = {isa = PBXBuildFile; fileRef = 5421BD312C341FBD00664E32 /* MenuTableViewCell.swift */; };
		5421BD352C3423B200664E32 /* RealmSwift in Frameworks */ = {isa = PBXBuildFile; productRef = 5421BD342C3423B200664E32 /* RealmSwift */; };
		5421BD392C34247400664E32 /* Todo.swift in Sources */ = {isa = PBXBuildFile; fileRef = 5421BD382C34247400664E32 /* Todo.swift */; };
		5421BD3B2C342E6F00664E32 /* TodoViewController.swift in Sources */ = {isa = PBXBuildFile; fileRef = 5421BD3A2C342E6F00664E32 /* TodoViewController.swift */; };
		5421BD3E2C3431DF00664E32 /* TodoTableViewCell.swift in Sources */ = {isa = PBXBuildFile; fileRef = 5421BD3D2C3431DF00664E32 /* TodoTableViewCell.swift */; };
		5491951A2C35351A00C28B31 /* DateViewController.swift in Sources */ = {isa = PBXBuildFile; fileRef = 549195192C35351A00C28B31 /* DateViewController.swift */; };
		5491951C2C353CCC00C28B31 /* TagViewController.swift in Sources */ = {isa = PBXBuildFile; fileRef = 5491951B2C353CCC00C28B31 /* TagViewController.swift */; };
		5491951F2C35677700C28B31 /* ListCollectionViewCell.swift in Sources */ = {isa = PBXBuildFile; fileRef = 5491951E2C35677700C28B31 /* ListCollectionViewCell.swift */; };
		549195222C3567D100C28B31 /* Reusable.swift in Sources */ = {isa = PBXBuildFile; fileRef = 549195212C3567D100C28B31 /* Reusable.swift */; };
		5491952A2C37C41500C28B31 /* TodoRepository.swift in Sources */ = {isa = PBXBuildFile; fileRef = 549195292C37C41500C28B31 /* TodoRepository.swift */; };
		5491952F2C3941AB00C28B31 /* DataManager.swift in Sources */ = {isa = PBXBuildFile; fileRef = 5491952E2C3941AB00C28B31 /* DataManager.swift */; };
		5491953F2C3BD4E400C28B31 /* Folder.swift in Sources */ = {isa = PBXBuildFile; fileRef = 5491953E2C3BD4E400C28B31 /* Folder.swift */; };
		549195432C3BE58500C28B31 /* FolderSelectViewController.swift in Sources */ = {isa = PBXBuildFile; fileRef = 549195422C3BE58500C28B31 /* FolderSelectViewController.swift */; };
/* End PBXBuildFile section */

/* Begin PBXFileReference section */
		5421BD0D2C340BED00664E32 /* Reminder.app */ = {isa = PBXFileReference; explicitFileType = wrapper.application; includeInIndex = 0; path = Reminder.app; sourceTree = BUILT_PRODUCTS_DIR; };
		5421BD102C340BED00664E32 /* AppDelegate.swift */ = {isa = PBXFileReference; lastKnownFileType = sourcecode.swift; path = AppDelegate.swift; sourceTree = "<group>"; };
		5421BD122C340BED00664E32 /* SceneDelegate.swift */ = {isa = PBXFileReference; lastKnownFileType = sourcecode.swift; path = SceneDelegate.swift; sourceTree = "<group>"; };
		5421BD142C340BED00664E32 /* HomeViewController.swift */ = {isa = PBXFileReference; lastKnownFileType = sourcecode.swift; path = HomeViewController.swift; sourceTree = "<group>"; };
		5421BD192C340BEE00664E32 /* Assets.xcassets */ = {isa = PBXFileReference; lastKnownFileType = folder.assetcatalog; path = Assets.xcassets; sourceTree = "<group>"; };
		5421BD1C2C340BEE00664E32 /* Base */ = {isa = PBXFileReference; lastKnownFileType = file.storyboard; name = Base; path = Base.lproj/LaunchScreen.storyboard; sourceTree = "<group>"; };
		5421BD1E2C340BEE00664E32 /* Info.plist */ = {isa = PBXFileReference; lastKnownFileType = text.plist.xml; path = Info.plist; sourceTree = "<group>"; };
		5421BD242C340C7B00664E32 /* BaseViewController.swift */ = {isa = PBXFileReference; lastKnownFileType = sourcecode.swift; path = BaseViewController.swift; sourceTree = "<group>"; };
		5421BD2A2C3412D600664E32 /* RegisterViewController.swift */ = {isa = PBXFileReference; lastKnownFileType = sourcecode.swift; path = RegisterViewController.swift; sourceTree = "<group>"; };
		5421BD2C2C341A8800664E32 /* UIPaddingTextField.swift */ = {isa = PBXFileReference; lastKnownFileType = sourcecode.swift; path = UIPaddingTextField.swift; sourceTree = "<group>"; };
		5421BD312C341FBD00664E32 /* MenuTableViewCell.swift */ = {isa = PBXFileReference; lastKnownFileType = sourcecode.swift; path = MenuTableViewCell.swift; sourceTree = "<group>"; };
		5421BD382C34247400664E32 /* Todo.swift */ = {isa = PBXFileReference; lastKnownFileType = sourcecode.swift; path = Todo.swift; sourceTree = "<group>"; };
		5421BD3A2C342E6F00664E32 /* TodoViewController.swift */ = {isa = PBXFileReference; lastKnownFileType = sourcecode.swift; path = TodoViewController.swift; sourceTree = "<group>"; };
		5421BD3D2C3431DF00664E32 /* TodoTableViewCell.swift */ = {isa = PBXFileReference; lastKnownFileType = sourcecode.swift; path = TodoTableViewCell.swift; sourceTree = "<group>"; };
		549195192C35351A00C28B31 /* DateViewController.swift */ = {isa = PBXFileReference; lastKnownFileType = sourcecode.swift; path = DateViewController.swift; sourceTree = "<group>"; };
		5491951B2C353CCC00C28B31 /* TagViewController.swift */ = {isa = PBXFileReference; lastKnownFileType = sourcecode.swift; path = TagViewController.swift; sourceTree = "<group>"; };
		5491951E2C35677700C28B31 /* ListCollectionViewCell.swift */ = {isa = PBXFileReference; lastKnownFileType = sourcecode.swift; path = ListCollectionViewCell.swift; sourceTree = "<group>"; };
		549195212C3567D100C28B31 /* Reusable.swift */ = {isa = PBXFileReference; lastKnownFileType = sourcecode.swift; path = Reusable.swift; sourceTree = "<group>"; };
		549195292C37C41500C28B31 /* TodoRepository.swift */ = {isa = PBXFileReference; lastKnownFileType = sourcecode.swift; path = TodoRepository.swift; sourceTree = "<group>"; };
		5491952E2C3941AB00C28B31 /* DataManager.swift */ = {isa = PBXFileReference; lastKnownFileType = sourcecode.swift; path = DataManager.swift; sourceTree = "<group>"; };
		5491953E2C3BD4E400C28B31 /* Folder.swift */ = {isa = PBXFileReference; lastKnownFileType = sourcecode.swift; path = Folder.swift; sourceTree = "<group>"; };
		549195422C3BE58500C28B31 /* FolderSelectViewController.swift */ = {isa = PBXFileReference; lastKnownFileType = sourcecode.swift; path = FolderSelectViewController.swift; sourceTree = "<group>"; };
/* End PBXFileReference section */

/* Begin PBXFrameworksBuildPhase section */
		5421BD0A2C340BED00664E32 /* Frameworks */ = {
			isa = PBXFrameworksBuildPhase;
			buildActionMask = 2147483647;
			files = (
				5421BD352C3423B200664E32 /* RealmSwift in Frameworks */,
				5421BD282C340E9F00664E32 /* SnapKit in Frameworks */,
			);
			runOnlyForDeploymentPostprocessing = 0;
		};
/* End PBXFrameworksBuildPhase section */

/* Begin PBXGroup section */
		5421BD042C340BED00664E32 = {
			isa = PBXGroup;
			children = (
				5421BD0F2C340BED00664E32 /* Reminder */,
				5421BD0E2C340BED00664E32 /* Products */,
			);
			sourceTree = "<group>";
		};
		5421BD0E2C340BED00664E32 /* Products */ = {
			isa = PBXGroup;
			children = (
				5421BD0D2C340BED00664E32 /* Reminder.app */,
			);
			name = Products;
			sourceTree = "<group>";
		};
		5421BD0F2C340BED00664E32 /* Reminder */ = {
			isa = PBXGroup;
			children = (
				5491952B2C37C6B800C28B31 /* Manager */,
				5421BD362C34243100664E32 /* Resource */,
				549195202C3567C300C28B31 /* Protocol */,
				5421BD372C34244500664E32 /* RealmModel */,
				5421BD292C3412B200664E32 /* CustomView */,
				5491951D2C35676800C28B31 /* HomeView */,
				5421BD3C2C3431B600664E32 /* TodoView */,
				5421BD302C341FAF00664E32 /* RegisterView */,
				5421BD192C340BEE00664E32 /* Assets.xcassets */,
				5421BD1E2C340BEE00664E32 /* Info.plist */,
			);
			path = Reminder;
			sourceTree = "<group>";
		};
		5421BD292C3412B200664E32 /* CustomView */ = {
			isa = PBXGroup;
			children = (
				5421BD242C340C7B00664E32 /* BaseViewController.swift */,
				5421BD2C2C341A8800664E32 /* UIPaddingTextField.swift */,
			);
			path = CustomView;
			sourceTree = "<group>";
		};
		5421BD302C341FAF00664E32 /* RegisterView */ = {
			isa = PBXGroup;
			children = (
				5421BD2A2C3412D600664E32 /* RegisterViewController.swift */,
				5421BD312C341FBD00664E32 /* MenuTableViewCell.swift */,
				549195192C35351A00C28B31 /* DateViewController.swift */,
				5491951B2C353CCC00C28B31 /* TagViewController.swift */,
				549195422C3BE58500C28B31 /* FolderSelectViewController.swift */,
			);
			path = RegisterView;
			sourceTree = "<group>";
		};
		5421BD362C34243100664E32 /* Resource */ = {
			isa = PBXGroup;
			children = (
				5421BD102C340BED00664E32 /* AppDelegate.swift */,
				5421BD122C340BED00664E32 /* SceneDelegate.swift */,
				5421BD1B2C340BEE00664E32 /* LaunchScreen.storyboard */,
			);
			path = Resource;
			sourceTree = "<group>";
		};
		5421BD372C34244500664E32 /* RealmModel */ = {
			isa = PBXGroup;
			children = (
				5421BD382C34247400664E32 /* Todo.swift */,
				5491953E2C3BD4E400C28B31 /* Folder.swift */,
				549195292C37C41500C28B31 /* TodoRepository.swift */,
			);
			path = RealmModel;
			sourceTree = "<group>";
		};
		5421BD3C2C3431B600664E32 /* TodoView */ = {
			isa = PBXGroup;
			children = (
				5421BD3A2C342E6F00664E32 /* TodoViewController.swift */,
				5421BD3D2C3431DF00664E32 /* TodoTableViewCell.swift */,
			);
			path = TodoView;
			sourceTree = "<group>";
		};
		5491951D2C35676800C28B31 /* HomeView */ = {
			isa = PBXGroup;
			children = (
				5421BD142C340BED00664E32 /* HomeViewController.swift */,
				5491951E2C35677700C28B31 /* ListCollectionViewCell.swift */,
			);
			path = HomeView;
			sourceTree = "<group>";
		};
		549195202C3567C300C28B31 /* Protocol */ = {
			isa = PBXGroup;
			children = (
				549195212C3567D100C28B31 /* Reusable.swift */,
			);
			path = Protocol;
			sourceTree = "<group>";
		};
		5491952B2C37C6B800C28B31 /* Manager */ = {
			isa = PBXGroup;
			children = (
				5491952E2C3941AB00C28B31 /* DataManager.swift */,
			);
			path = Manager;
			sourceTree = "<group>";
		};
/* End PBXGroup section */

/* Begin PBXNativeTarget section */
		5421BD0C2C340BED00664E32 /* Reminder */ = {
			isa = PBXNativeTarget;
			buildConfigurationList = 5421BD212C340BEE00664E32 /* Build configuration list for PBXNativeTarget "Reminder" */;
			buildPhases = (
				5421BD092C340BED00664E32 /* Sources */,
				5421BD0A2C340BED00664E32 /* Frameworks */,
				5421BD0B2C340BED00664E32 /* Resources */,
			);
			buildRules = (
			);
			dependencies = (
			);
			name = Reminder;
			packageProductDependencies = (
				5421BD272C340E9F00664E32 /* SnapKit */,
				5421BD342C3423B200664E32 /* RealmSwift */,
			);
			productName = Reminder;
			productReference = 5421BD0D2C340BED00664E32 /* Reminder.app */;
			productType = "com.apple.product-type.application";
		};
/* End PBXNativeTarget section */

/* Begin PBXProject section */
		5421BD052C340BED00664E32 /* Project object */ = {
			isa = PBXProject;
			attributes = {
				BuildIndependentTargetsInParallel = 1;
				LastSwiftUpdateCheck = 1530;
				LastUpgradeCheck = 1530;
				TargetAttributes = {
					5421BD0C2C340BED00664E32 = {
						CreatedOnToolsVersion = 15.3;
					};
				};
			};
			buildConfigurationList = 5421BD082C340BED00664E32 /* Build configuration list for PBXProject "Reminder" */;
			compatibilityVersion = "Xcode 14.0";
			developmentRegion = en;
			hasScannedForEncodings = 0;
			knownRegions = (
				en,
				Base,
			);
			mainGroup = 5421BD042C340BED00664E32;
			packageReferences = (
				5421BD262C340E9F00664E32 /* XCRemoteSwiftPackageReference "SnapKit" */,
				5421BD332C3423B100664E32 /* XCRemoteSwiftPackageReference "realm-swift" */,
			);
			productRefGroup = 5421BD0E2C340BED00664E32 /* Products */;
			projectDirPath = "";
			projectRoot = "";
			targets = (
				5421BD0C2C340BED00664E32 /* Reminder */,
			);
		};
/* End PBXProject section */

/* Begin PBXResourcesBuildPhase section */
		5421BD0B2C340BED00664E32 /* Resources */ = {
			isa = PBXResourcesBuildPhase;
			buildActionMask = 2147483647;
			files = (
				5421BD1A2C340BEE00664E32 /* Assets.xcassets in Resources */,
				5421BD1D2C340BEE00664E32 /* Base in Resources */,
			);
			runOnlyForDeploymentPostprocessing = 0;
		};
/* End PBXResourcesBuildPhase section */

/* Begin PBXSourcesBuildPhase section */
		5421BD092C340BED00664E32 /* Sources */ = {
			isa = PBXSourcesBuildPhase;
			buildActionMask = 2147483647;
			files = (
				5421BD152C340BED00664E32 /* HomeViewController.swift in Sources */,
				5491953F2C3BD4E400C28B31 /* Folder.swift in Sources */,
				5421BD3B2C342E6F00664E32 /* TodoViewController.swift in Sources */,
				5421BD2B2C3412D600664E32 /* RegisterViewController.swift in Sources */,
				5491951A2C35351A00C28B31 /* DateViewController.swift in Sources */,
				5421BD3E2C3431DF00664E32 /* TodoTableViewCell.swift in Sources */,
				5491952A2C37C41500C28B31 /* TodoRepository.swift in Sources */,
				5421BD252C340C7B00664E32 /* BaseViewController.swift in Sources */,
				549195222C3567D100C28B31 /* Reusable.swift in Sources */,
				5421BD392C34247400664E32 /* Todo.swift in Sources */,
				5491951F2C35677700C28B31 /* ListCollectionViewCell.swift in Sources */,
				5421BD2D2C341A8800664E32 /* UIPaddingTextField.swift in Sources */,
				5491952F2C3941AB00C28B31 /* DataManager.swift in Sources */,
				5421BD112C340BED00664E32 /* AppDelegate.swift in Sources */,
				5491951C2C353CCC00C28B31 /* TagViewController.swift in Sources */,
				5421BD322C341FBD00664E32 /* MenuTableViewCell.swift in Sources */,
				549195432C3BE58500C28B31 /* FolderSelectViewController.swift in Sources */,
				5421BD132C340BED00664E32 /* SceneDelegate.swift in Sources */,
			);
			runOnlyForDeploymentPostprocessing = 0;
		};
/* End PBXSourcesBuildPhase section */

/* Begin PBXVariantGroup section */
		5421BD1B2C340BEE00664E32 /* LaunchScreen.storyboard */ = {
			isa = PBXVariantGroup;
			children = (
				5421BD1C2C340BEE00664E32 /* Base */,
			);
			name = LaunchScreen.storyboard;
			sourceTree = "<group>";
		};
/* End PBXVariantGroup section */

/* Begin XCBuildConfiguration section */
		5421BD1F2C340BEE00664E32 /* Debug */ = {
			isa = XCBuildConfiguration;
			buildSettings = {
				ALWAYS_SEARCH_USER_PATHS = NO;
				ASSETCATALOG_COMPILER_GENERATE_SWIFT_ASSET_SYMBOL_EXTENSIONS = YES;
				CLANG_ANALYZER_NONNULL = YES;
				CLANG_ANALYZER_NUMBER_OBJECT_CONVERSION = YES_AGGRESSIVE;
				CLANG_CXX_LANGUAGE_STANDARD = "gnu++20";
				CLANG_ENABLE_MODULES = YES;
				CLANG_ENABLE_OBJC_ARC = YES;
				CLANG_ENABLE_OBJC_WEAK = YES;
				CLANG_WARN_BLOCK_CAPTURE_AUTORELEASING = YES;
				CLANG_WARN_BOOL_CONVERSION = YES;
				CLANG_WARN_COMMA = YES;
				CLANG_WARN_CONSTANT_CONVERSION = YES;
				CLANG_WARN_DEPRECATED_OBJC_IMPLEMENTATIONS = YES;
				CLANG_WARN_DIRECT_OBJC_ISA_USAGE = YES_ERROR;
				CLANG_WARN_DOCUMENTATION_COMMENTS = YES;
				CLANG_WARN_EMPTY_BODY = YES;
				CLANG_WARN_ENUM_CONVERSION = YES;
				CLANG_WARN_INFINITE_RECURSION = YES;
				CLANG_WARN_INT_CONVERSION = YES;
				CLANG_WARN_NON_LITERAL_NULL_CONVERSION = YES;
				CLANG_WARN_OBJC_IMPLICIT_RETAIN_SELF = YES;
				CLANG_WARN_OBJC_LITERAL_CONVERSION = YES;
				CLANG_WARN_OBJC_ROOT_CLASS = YES_ERROR;
				CLANG_WARN_QUOTED_INCLUDE_IN_FRAMEWORK_HEADER = YES;
				CLANG_WARN_RANGE_LOOP_ANALYSIS = YES;
				CLANG_WARN_STRICT_PROTOTYPES = YES;
				CLANG_WARN_SUSPICIOUS_MOVE = YES;
				CLANG_WARN_UNGUARDED_AVAILABILITY = YES_AGGRESSIVE;
				CLANG_WARN_UNREACHABLE_CODE = YES;
				CLANG_WARN__DUPLICATE_METHOD_MATCH = YES;
				COPY_PHASE_STRIP = NO;
				DEBUG_INFORMATION_FORMAT = dwarf;
				ENABLE_STRICT_OBJC_MSGSEND = YES;
				ENABLE_TESTABILITY = YES;
				ENABLE_USER_SCRIPT_SANDBOXING = YES;
				GCC_C_LANGUAGE_STANDARD = gnu17;
				GCC_DYNAMIC_NO_PIC = NO;
				GCC_NO_COMMON_BLOCKS = YES;
				GCC_OPTIMIZATION_LEVEL = 0;
				GCC_PREPROCESSOR_DEFINITIONS = (
					"DEBUG=1",
					"$(inherited)",
				);
				GCC_WARN_64_TO_32_BIT_CONVERSION = YES;
				GCC_WARN_ABOUT_RETURN_TYPE = YES_ERROR;
				GCC_WARN_UNDECLARED_SELECTOR = YES;
				GCC_WARN_UNINITIALIZED_AUTOS = YES_AGGRESSIVE;
				GCC_WARN_UNUSED_FUNCTION = YES;
				GCC_WARN_UNUSED_VARIABLE = YES;
				IPHONEOS_DEPLOYMENT_TARGET = 17.4;
				LOCALIZATION_PREFERS_STRING_CATALOGS = YES;
				MTL_ENABLE_DEBUG_INFO = INCLUDE_SOURCE;
				MTL_FAST_MATH = YES;
				ONLY_ACTIVE_ARCH = YES;
				SDKROOT = iphoneos;
				SWIFT_ACTIVE_COMPILATION_CONDITIONS = "DEBUG $(inherited)";
				SWIFT_OPTIMIZATION_LEVEL = "-Onone";
			};
			name = Debug;
		};
		5421BD202C340BEE00664E32 /* Release */ = {
			isa = XCBuildConfiguration;
			buildSettings = {
				ALWAYS_SEARCH_USER_PATHS = NO;
				ASSETCATALOG_COMPILER_GENERATE_SWIFT_ASSET_SYMBOL_EXTENSIONS = YES;
				CLANG_ANALYZER_NONNULL = YES;
				CLANG_ANALYZER_NUMBER_OBJECT_CONVERSION = YES_AGGRESSIVE;
				CLANG_CXX_LANGUAGE_STANDARD = "gnu++20";
				CLANG_ENABLE_MODULES = YES;
				CLANG_ENABLE_OBJC_ARC = YES;
				CLANG_ENABLE_OBJC_WEAK = YES;
				CLANG_WARN_BLOCK_CAPTURE_AUTORELEASING = YES;
				CLANG_WARN_BOOL_CONVERSION = YES;
				CLANG_WARN_COMMA = YES;
				CLANG_WARN_CONSTANT_CONVERSION = YES;
				CLANG_WARN_DEPRECATED_OBJC_IMPLEMENTATIONS = YES;
				CLANG_WARN_DIRECT_OBJC_ISA_USAGE = YES_ERROR;
				CLANG_WARN_DOCUMENTATION_COMMENTS = YES;
				CLANG_WARN_EMPTY_BODY = YES;
				CLANG_WARN_ENUM_CONVERSION = YES;
				CLANG_WARN_INFINITE_RECURSION = YES;
				CLANG_WARN_INT_CONVERSION = YES;
				CLANG_WARN_NON_LITERAL_NULL_CONVERSION = YES;
				CLANG_WARN_OBJC_IMPLICIT_RETAIN_SELF = YES;
				CLANG_WARN_OBJC_LITERAL_CONVERSION = YES;
				CLANG_WARN_OBJC_ROOT_CLASS = YES_ERROR;
				CLANG_WARN_QUOTED_INCLUDE_IN_FRAMEWORK_HEADER = YES;
				CLANG_WARN_RANGE_LOOP_ANALYSIS = YES;
				CLANG_WARN_STRICT_PROTOTYPES = YES;
				CLANG_WARN_SUSPICIOUS_MOVE = YES;
				CLANG_WARN_UNGUARDED_AVAILABILITY = YES_AGGRESSIVE;
				CLANG_WARN_UNREACHABLE_CODE = YES;
				CLANG_WARN__DUPLICATE_METHOD_MATCH = YES;
				COPY_PHASE_STRIP = NO;
				DEBUG_INFORMATION_FORMAT = "dwarf-with-dsym";
				ENABLE_NS_ASSERTIONS = NO;
				ENABLE_STRICT_OBJC_MSGSEND = YES;
				ENABLE_USER_SCRIPT_SANDBOXING = YES;
				GCC_C_LANGUAGE_STANDARD = gnu17;
				GCC_NO_COMMON_BLOCKS = YES;
				GCC_WARN_64_TO_32_BIT_CONVERSION = YES;
				GCC_WARN_ABOUT_RETURN_TYPE = YES_ERROR;
				GCC_WARN_UNDECLARED_SELECTOR = YES;
				GCC_WARN_UNINITIALIZED_AUTOS = YES_AGGRESSIVE;
				GCC_WARN_UNUSED_FUNCTION = YES;
				GCC_WARN_UNUSED_VARIABLE = YES;
				IPHONEOS_DEPLOYMENT_TARGET = 17.4;
				LOCALIZATION_PREFERS_STRING_CATALOGS = YES;
				MTL_ENABLE_DEBUG_INFO = NO;
				MTL_FAST_MATH = YES;
				SDKROOT = iphoneos;
				SWIFT_COMPILATION_MODE = wholemodule;
				VALIDATE_PRODUCT = YES;
			};
			name = Release;
		};
		5421BD222C340BEE00664E32 /* Debug */ = {
			isa = XCBuildConfiguration;
			buildSettings = {
				ASSETCATALOG_COMPILER_APPICON_NAME = AppIcon;
				ASSETCATALOG_COMPILER_GLOBAL_ACCENT_COLOR_NAME = AccentColor;
				CODE_SIGN_STYLE = Automatic;
				CURRENT_PROJECT_VERSION = 1;
				DEVELOPMENT_TEAM = 82M3Y9RKT2;
				GENERATE_INFOPLIST_FILE = YES;
				INFOPLIST_FILE = Reminder/Info.plist;
				INFOPLIST_KEY_UIApplicationSupportsIndirectInputEvents = YES;
				INFOPLIST_KEY_UILaunchStoryboardName = LaunchScreen;
				INFOPLIST_KEY_UISupportedInterfaceOrientations = UIInterfaceOrientationPortrait;
				INFOPLIST_KEY_UISupportedInterfaceOrientations_iPad = "UIInterfaceOrientationLandscapeLeft UIInterfaceOrientationLandscapeRight UIInterfaceOrientationPortrait UIInterfaceOrientationPortraitUpsideDown";
				IPHONEOS_DEPLOYMENT_TARGET = 16.0;
				LD_RUNPATH_SEARCH_PATHS = (
					"$(inherited)",
					"@executable_path/Frameworks",
				);
				MARKETING_VERSION = 1.0;
				PRODUCT_BUNDLE_IDENTIFIER = com.lcho3878.Reminder;
				PRODUCT_NAME = "$(TARGET_NAME)";
				SUPPORTED_PLATFORMS = "iphoneos iphonesimulator";
				SUPPORTS_MACCATALYST = NO;
				SUPPORTS_MAC_DESIGNED_FOR_IPHONE_IPAD = NO;
				SUPPORTS_XR_DESIGNED_FOR_IPHONE_IPAD = NO;
				SWIFT_EMIT_LOC_STRINGS = YES;
				SWIFT_VERSION = 5.0;
				TARGETED_DEVICE_FAMILY = 1;
			};
			name = Debug;
		};
		5421BD232C340BEE00664E32 /* Release */ = {
			isa = XCBuildConfiguration;
			buildSettings = {
				ASSETCATALOG_COMPILER_APPICON_NAME = AppIcon;
				ASSETCATALOG_COMPILER_GLOBAL_ACCENT_COLOR_NAME = AccentColor;
				CODE_SIGN_STYLE = Automatic;
				CURRENT_PROJECT_VERSION = 1;
				DEVELOPMENT_TEAM = 82M3Y9RKT2;
				GENERATE_INFOPLIST_FILE = YES;
				INFOPLIST_FILE = Reminder/Info.plist;
				INFOPLIST_KEY_UIApplicationSupportsIndirectInputEvents = YES;
				INFOPLIST_KEY_UILaunchStoryboardName = LaunchScreen;
				INFOPLIST_KEY_UISupportedInterfaceOrientations = UIInterfaceOrientationPortrait;
				INFOPLIST_KEY_UISupportedInterfaceOrientations_iPad = "UIInterfaceOrientationLandscapeLeft UIInterfaceOrientationLandscapeRight UIInterfaceOrientationPortrait UIInterfaceOrientationPortraitUpsideDown";
				IPHONEOS_DEPLOYMENT_TARGET = 16.0;
				LD_RUNPATH_SEARCH_PATHS = (
					"$(inherited)",
					"@executable_path/Frameworks",
				);
				MARKETING_VERSION = 1.0;
				PRODUCT_BUNDLE_IDENTIFIER = com.lcho3878.Reminder;
				PRODUCT_NAME = "$(TARGET_NAME)";
				SUPPORTED_PLATFORMS = "iphoneos iphonesimulator";
				SUPPORTS_MACCATALYST = NO;
				SUPPORTS_MAC_DESIGNED_FOR_IPHONE_IPAD = NO;
				SUPPORTS_XR_DESIGNED_FOR_IPHONE_IPAD = NO;
				SWIFT_EMIT_LOC_STRINGS = YES;
				SWIFT_VERSION = 5.0;
				TARGETED_DEVICE_FAMILY = 1;
			};
			name = Release;
		};
/* End XCBuildConfiguration section */

/* Begin XCConfigurationList section */
		5421BD082C340BED00664E32 /* Build configuration list for PBXProject "Reminder" */ = {
			isa = XCConfigurationList;
			buildConfigurations = (
				5421BD1F2C340BEE00664E32 /* Debug */,
				5421BD202C340BEE00664E32 /* Release */,
			);
			defaultConfigurationIsVisible = 0;
			defaultConfigurationName = Release;
		};
		5421BD212C340BEE00664E32 /* Build configuration list for PBXNativeTarget "Reminder" */ = {
			isa = XCConfigurationList;
			buildConfigurations = (
				5421BD222C340BEE00664E32 /* Debug */,
				5421BD232C340BEE00664E32 /* Release */,
			);
			defaultConfigurationIsVisible = 0;
			defaultConfigurationName = Release;
		};
/* End XCConfigurationList section */

/* Begin XCRemoteSwiftPackageReference section */
		5421BD262C340E9F00664E32 /* XCRemoteSwiftPackageReference "SnapKit" */ = {
			isa = XCRemoteSwiftPackageReference;
			repositoryURL = "https://github.com/SnapKit/SnapKit";
			requirement = {
				kind = upToNextMajorVersion;
				minimumVersion = 5.7.1;
			};
		};
		5421BD332C3423B100664E32 /* XCRemoteSwiftPackageReference "realm-swift" */ = {
			isa = XCRemoteSwiftPackageReference;
			repositoryURL = "https://github.com/realm/realm-swift.git";
			requirement = {
				kind = exactVersion;
				version = 10.52.1;
			};
		};
/* End XCRemoteSwiftPackageReference section */

/* Begin XCSwiftPackageProductDependency section */
		5421BD272C340E9F00664E32 /* SnapKit */ = {
			isa = XCSwiftPackageProductDependency;
			package = 5421BD262C340E9F00664E32 /* XCRemoteSwiftPackageReference "SnapKit" */;
			productName = SnapKit;
		};
		5421BD342C3423B200664E32 /* RealmSwift */ = {
			isa = XCSwiftPackageProductDependency;
			package = 5421BD332C3423B100664E32 /* XCRemoteSwiftPackageReference "realm-swift" */;
			productName = RealmSwift;
		};
/* End XCSwiftPackageProductDependency section */
	};
	rootObject = 5421BD052C340BED00664E32 /* Project object */;
}
